
Microsoft Visual Studio Solution File, Format Version 12.00
# Visual Studio Version 17
VisualStudioVersion = 17.2.32408.312
MinimumVisualStudioVersion = 10.0.40219.1
Project("{FAE04EC0-301F-11D3-BF4B-00C04F79EFBC}") = "TestApplication", "TestApplication\TestApplication.csproj", "{759DAD13-5145-4F6B-A578-A0B9CB6E2939}"
EndProject
Global
	GlobalSection(SolutionConfigurationPlatforms) = preSolution
		Debug|Any CPU = Debug|Any CPU
		Release|Any CPU = Release|Any CPU
	EndGlobalSection
	GlobalSection(ProjectConfigurationPlatforms) = postSolution
		{759DAD13-5145-4F6B-A578-A0B9CB6E2939}.Debug|Any CPU.ActiveCfg = Debug|Any CPU
		{759DAD13-5145-4F6B-A578-A0B9CB6E2939}.Debug|Any CPU.Build.0 = Debug|Any CPU
		{759DAD13-5145-4F6B-A578-A0B9CB6E2939}.Release|Any CPU.ActiveCfg = Release|Any CPU
		{759DAD13-5145-4F6B-A578-A0B9CB6E2939}.Release|Any CPU.Build.0 = Release|Any CPU
	EndGlobalSection
	GlobalSection(SolutionProperties) = preSolution
		HideSolutionNode = FALSE
	EndGlobalSection
	GlobalSection(ExtensibilityGlobals) = postSolution
		SolutionGuid = {8DC49127-EFB5-47ED-8573-7902D29445AA}
	EndGlobalSection
EndGlobal
